# THIS IS AN AUTOGENERATED FILE. DO NOT EDIT THIS FILE DIRECTLY.
# yarn lockfile v1


"@hedera-react/store@^0.2.2":
  version "0.2.2"
  resolved "https://registry.yarnpkg.com/@hedera-react/store/-/store-0.2.2.tgz#70b54b52432480e68d976a490dffe06105e6b1d7"
  integrity sha512-FlO4X8m1RJLAuk3H//SYhGiiezm1b4PjL5oKZ+ZHowxOU25DL8fO6l+BiWMaVpBuuxNyzS67qDgwB/YTJWHhXw==
  dependencies:
    "@hedera-react/types" "^0.2.1"
    zustand "^4.1.5"

"@hedera-react/types@^0.2.1":
  version "0.2.1"
  resolved "https://registry.yarnpkg.com/@hedera-react/types/-/types-0.2.1.tgz#e415b9b46a5c87e3c687ac54b6fefd45fbf68ca1"
  integrity sha512-GQzs31utCpiW2d7DSVBXWJVYGrvzGAUxW2TZue08ICyJgajKddWt1UWEa7H/jecCb28UlYaczUZAGaSeq9Zgyw==
  dependencies:
    zustand "^4.1.5"

use-sync-external-store@1.2.0:
  version "1.2.0"
  resolved "https://registry.yarnpkg.com/use-sync-external-store/-/use-sync-external-store-1.2.0.tgz#7dbefd6ef3fe4e767a0cf5d7287aacfb5846928a"
  integrity sha512-eEgnFxGQ1Ife9bzYs6VLi8/4X6CObHMw9Qr9tPY43iKwsPw8xE8+EFsf/2cFZ5S3esXgpWgtSCtLNS41F+sKPA==

zustand@^4.1.5:
  version "4.1.5"
  resolved "https://registry.yarnpkg.com/zustand/-/zustand-4.1.5.tgz#7402b511f5b23ccb0f9ba6d20ae01ec817e16eb6"
  integrity sha512-PsdRT8Bvq22Yyh1tvpgdHNE7OAeFKqJXUxtJvj1Ixw2B9O2YZ1M34ImQ+xyZah4wZrR4lENMoDUutKPpyXCQ/Q==
  dependencies:
    use-sync-external-store "1.2.0"
