# THIS IS AN AUTOGENERATED FILE. DO NOT EDIT THIS FILE DIRECTLY.
# yarn lockfile v1


"@bladelabs/blade-web3.js@0.9.13":
  version "0.9.13"
  resolved "https://registry.yarnpkg.com/@bladelabs/blade-web3.js/-/blade-web3.js-0.9.13.tgz#00c5b00ff46872367310378c6233c77b4230769b"
  integrity sha512-Vk9QS09F70mvGuEVU4HFjf1EHMz71Gv8tjMhmCw/zr6TPrJnqkFHETMLfsgKjyCPUbUptTP0/M2XStUHxvp5hQ==
  dependencies:
    rxjs "^7.5.7"

rxjs@^7.5.7:
  version "7.8.0"
  resolved "https://registry.yarnpkg.com/rxjs/-/rxjs-7.8.0.tgz#90a938862a82888ff4c7359811a595e14e1e09a4"
  integrity sha512-F2+gxDshqmIub1KdvZkaEfGDwLNpPvk9Fs6LD/MyQxNgMds/WH9OdDDXOmxUZpME+iSK3rQCctkL0DYyytUqMg==
  dependencies:
    tslib "^2.1.0"

tslib@^2.1.0:
  version "2.4.1"
  resolved "https://registry.yarnpkg.com/tslib/-/tslib-2.4.1.tgz#0d0bfbaac2880b91e22df0768e55be9753a5b17e"
  integrity sha512-tGyy4dAjRIEwI7BzsB0lynWgOpfqjUdq91XXAlIWD2OwKBH7oCl/GZG/HT4BOHrTlPMOASlMQ7veyTqpmRcrNA==
